{
  "version": "4",
  "specifiers": {
    "jsr:@std/assert@*": "1.0.11",
    "jsr:@std/cli@*": "1.0.9",
    "jsr:@std/cli@^1.0.8": "1.0.9",
    "jsr:@std/encoding@^1.0.5": "1.0.6",
    "jsr:@std/fmt@^1.0.3": "1.0.3",
    "jsr:@std/html@^1.0.3": "1.0.3",
    "jsr:@std/http@*": "1.0.12",
    "jsr:@std/internal@^1.0.5": "1.0.5",
    "jsr:@std/media-types@^1.1.0": "1.1.0",
    "jsr:@std/net@^1.0.4": "1.0.4",
    "jsr:@std/path@^1.0.8": "1.0.8",
    "jsr:@std/streams@^1.0.8": "1.0.8",
    "jsr:@std/ulid@*": "1.0.0"
  },
  "jsr": {
    "@std/assert@1.0.11": {
      "integrity": "2461ef3c368fe88bc60e186e7744a93112f16fd110022e113a0849e94d1c83c1",
      "dependencies": [
        "jsr:@std/internal"
      ]
    },
    "@std/cli@1.0.9": {
      "integrity": "557e5865af000efbf3f737dcfea5b8ab86453594f4a9cd8d08c9fa83d8e3f3bc"
    },
    "@std/encoding@1.0.6": {
      "integrity": "ca87122c196e8831737d9547acf001766618e78cd8c33920776c7f5885546069"
    },
    "@std/fmt@1.0.3": {
      "integrity": "97765c16aa32245ff4e2204ecf7d8562496a3cb8592340a80e7e554e0bb9149f"
    },
    "@std/html@1.0.3": {
      "integrity": "7a0ac35e050431fb49d44e61c8b8aac1ebd55937e0dc9ec6409aa4bab39a7988"
    },
    "@std/http@1.0.12": {
      "integrity": "85246d8bfe9c8e2538518725b158bdc31f616e0869255f4a8d9e3de919cab2aa",
      "dependencies": [
        "jsr:@std/cli@^1.0.8",
        "jsr:@std/encoding",
        "jsr:@std/fmt",
        "jsr:@std/html",
        "jsr:@std/media-types",
        "jsr:@std/net",
        "jsr:@std/path",
        "jsr:@std/streams"
      ]
    },
    "@std/internal@1.0.5": {
      "integrity": "54a546004f769c1ac9e025abd15a76b6671ddc9687e2313b67376125650dc7ba"
    },
    "@std/media-types@1.1.0": {
      "integrity": "c9d093f0c05c3512932b330e3cc1fe1d627b301db33a4c2c2185c02471d6eaa4"
    },
    "@std/net@1.0.4": {
      "integrity": "2f403b455ebbccf83d8a027d29c5a9e3a2452fea39bb2da7f2c04af09c8bc852"
    },
    "@std/path@1.0.8": {
      "integrity": "548fa456bb6a04d3c1a1e7477986b6cffbce95102d0bb447c67c4ee70e0364be"
    },
    "@std/streams@1.0.8": {
      "integrity": "b41332d93d2cf6a82fe4ac2153b930adf1a859392931e2a19d9fabfb6f154fb3"
    },
    "@std/ulid@1.0.0": {
      "integrity": "d41c3d27a907714413649fee864b7cde8d42ee68437d22b79d5de4f81d808780"
    }
  },
  "redirects": {
    "https://esm.sh/@types/trusted-types@~2.0.7/index.d.ts": "https://esm.sh/@types/trusted-types@2.0.7/index.d.ts",
    "https://esm.sh/dompurify": "https://esm.sh/dompurify@3.2.4",
    "https://esm.sh/seroval@^0.10.4?target=denonext": "https://esm.sh/seroval@0.10.4?target=denonext"
  },
  "remote": {
    "https://esm.sh/dompurify@3.2.4": "798203a6412beee3d8f1101ef63d2b58712ac360364e388a61d6e4de09e6bd59",
    "https://esm.sh/dompurify@3.2.4/denonext/dompurify.mjs": "d36b6c39bb44327092a1dddd20dd3ccc53774fb5c9e46ba58ffd404352408083",
    "https://esm.sh/seroval@0.10.4/denonext/seroval.mjs": "2f560b4f4b98eb7ca9f658d13914d25847d06615ec65913ddd62c8c1e4399c9e",
    "https://esm.sh/seroval@0.10.4?target=denonext": "86ddc5fc35f653d0ef0d6f5b73700650fb6a4a1d73c829135eef7b35b1986bf6",
    "https://esm.sh/solid-js@1.8.1": "d99df83a2aa5a5255fb193c0a0c662f26e0ab52aa8c5a493110224669a7caaad",
    "https://esm.sh/solid-js@1.8.1/denonext/html.mjs": "ce47027f5bfb608b25f322393570bb72199402771f7055aa9cde4b391e0f26f1",
    "https://esm.sh/solid-js@1.8.1/denonext/solid-js.mjs": "14199c0e68f13ecd999d437be3f5713b07ce4c48909bcee945543d526dc8b36f",
    "https://esm.sh/solid-js@1.8.1/denonext/web.mjs": "081aad5aa6060e93d662cb59c953ae0b48b21af2016b5c9027659ad63ff66115",
    "https://esm.sh/solid-js@1.8.1/html": "054ee0a2ec776bb3c6203e2c321e299b705e9faf9fccc14a699ab5c01d0a26af",
    "https://esm.sh/solid-js@1.8.1/web": "a15f9fe1be7ed33b3d7add4f414e449528f44474dcbb0b99b52db564e341bc21"
  }
}
